
Microsoft Visual Studio Solution File, Format Version 12.00
# Visual Studio 2012
Project("{FAE04EC0-301F-11D3-BF4B-00C04F79EFBC}") = "HtmlParser", "HtmlParser\HtmlParser.csproj", "{87A2DA1F-9882-410A-AB5B-F459625D5F4C}"
EndProject
Project("{FAE04EC0-301F-11D3-BF4B-00C04F79EFBC}") = "BookInformationSolution", "BookInformationSolution\BookInformationSolution.csproj", "{4AE5A277-A8A9-4387-A023-DC7A3AC346E9}"
EndProject
Global
	GlobalSection(SolutionConfigurationPlatforms) = preSolution
		Debug|Any CPU = Debug|Any CPU
		Release|Any CPU = Release|Any CPU
	EndGlobalSection
	GlobalSection(ProjectConfigurationPlatforms) = postSolution
		{87A2DA1F-9882-410A-AB5B-F459625D5F4C}.Debug|Any CPU.ActiveCfg = Debug|Any CPU
		{87A2DA1F-9882-410A-AB5B-F459625D5F4C}.Debug|Any CPU.Build.0 = Debug|Any CPU
		{87A2DA1F-9882-410A-AB5B-F459625D5F4C}.Release|Any CPU.ActiveCfg = Release|Any CPU
		{87A2DA1F-9882-410A-AB5B-F459625D5F4C}.Release|Any CPU.Build.0 = Release|Any CPU
		{4AE5A277-A8A9-4387-A023-DC7A3AC346E9}.Debug|Any CPU.ActiveCfg = Debug|Any CPU
		{4AE5A277-A8A9-4387-A023-DC7A3AC346E9}.Debug|Any CPU.Build.0 = Debug|Any CPU
		{4AE5A277-A8A9-4387-A023-DC7A3AC346E9}.Release|Any CPU.ActiveCfg = Release|Any CPU
		{4AE5A277-A8A9-4387-A023-DC7A3AC346E9}.Release|Any CPU.Build.0 = Release|Any CPU
	EndGlobalSection
	GlobalSection(SolutionProperties) = preSolution
		HideSolutionNode = FALSE
	EndGlobalSection
EndGlobal
